
Microsoft Visual Studio Solution File, Format Version 12.00
# Visual Studio 15
VisualStudioVersion = 15.0.28307.1062
MinimumVisualStudioVersion = 10.0.40219.1
Project("{FAE04EC0-301F-11D3-BF4B-00C04F79EFBC}") = "ParkingServiceServer", "ParkingServiceServer\ParkingServiceServer.csproj", "{0A410BFA-79BE-492D-B9F0-C4AFE6B3555F}"
EndProject
Project("{FAE04EC0-301F-11D3-BF4B-00C04F79EFBC}") = "ParkingServiceClient", "ParkingServiceClient\ParkingServiceClient.csproj", "{BF74E866-13BC-4D88-A89B-639AC6A6E78C}"
EndProject
Project("{FAE04EC0-301F-11D3-BF4B-00C04F79EFBC}") = "ServiceContracts", "ServiceContracts\ServiceContracts.csproj", "{348F4C60-B100-476D-9D83-54980E832826}"
EndProject
Project("{FAE04EC0-301F-11D3-BF4B-00C04F79EFBC}") = "DataRepository", "DataRepository\DataRepository.csproj", "{A64D8B70-6CDE-468F-9DF8-3F722B5BB631}"
EndProject
Project("{FAE04EC0-301F-11D3-BF4B-00C04F79EFBC}") = "SecurityManager", "SecurityManager\SecurityManager.csproj", "{59EFA2B2-CFCE-4E19-AD1F-07F4136B1248}"
EndProject
Project("{FAE04EC0-301F-11D3-BF4B-00C04F79EFBC}") = "Monitoring", "Monitoring\Monitoring.csproj", "{88B4BE97-04C2-45D4-BE4F-F7265A3FFD92}"
EndProject
Project("{FAE04EC0-301F-11D3-BF4B-00C04F79EFBC}") = "CryptographyManager", "CryptographyManager\CryptographyManager.csproj", "{0E39D695-7743-4495-8BDF-E43D52308AA5}"
EndProject
Project("{FAE04EC0-301F-11D3-BF4B-00C04F79EFBC}") = "AuditingManager", "AuditingManager\AuditingManager.csproj", "{6F37E852-8FA0-4B82-A1F0-BA0AEE30868C}"
EndProject
Global
	GlobalSection(SolutionConfigurationPlatforms) = preSolution
		Debug|Any CPU = Debug|Any CPU
		Release|Any CPU = Release|Any CPU
	EndGlobalSection
	GlobalSection(ProjectConfigurationPlatforms) = postSolution
		{0A410BFA-79BE-492D-B9F0-C4AFE6B3555F}.Debug|Any CPU.ActiveCfg = Debug|Any CPU
		{0A410BFA-79BE-492D-B9F0-C4AFE6B3555F}.Debug|Any CPU.Build.0 = Debug|Any CPU
		{0A410BFA-79BE-492D-B9F0-C4AFE6B3555F}.Release|Any CPU.ActiveCfg = Release|Any CPU
		{0A410BFA-79BE-492D-B9F0-C4AFE6B3555F}.Release|Any CPU.Build.0 = Release|Any CPU
		{BF74E866-13BC-4D88-A89B-639AC6A6E78C}.Debug|Any CPU.ActiveCfg = Debug|Any CPU
		{BF74E866-13BC-4D88-A89B-639AC6A6E78C}.Debug|Any CPU.Build.0 = Debug|Any CPU
		{BF74E866-13BC-4D88-A89B-639AC6A6E78C}.Release|Any CPU.ActiveCfg = Release|Any CPU
		{BF74E866-13BC-4D88-A89B-639AC6A6E78C}.Release|Any CPU.Build.0 = Release|Any CPU
		{348F4C60-B100-476D-9D83-54980E832826}.Debug|Any CPU.ActiveCfg = Debug|Any CPU
		{348F4C60-B100-476D-9D83-54980E832826}.Debug|Any CPU.Build.0 = Debug|Any CPU
		{348F4C60-B100-476D-9D83-54980E832826}.Release|Any CPU.ActiveCfg = Release|Any CPU
		{348F4C60-B100-476D-9D83-54980E832826}.Release|Any CPU.Build.0 = Release|Any CPU
		{A64D8B70-6CDE-468F-9DF8-3F722B5BB631}.Debug|Any CPU.ActiveCfg = Debug|Any CPU
		{A64D8B70-6CDE-468F-9DF8-3F722B5BB631}.Debug|Any CPU.Build.0 = Debug|Any CPU
		{A64D8B70-6CDE-468F-9DF8-3F722B5BB631}.Release|Any CPU.ActiveCfg = Release|Any CPU
		{A64D8B70-6CDE-468F-9DF8-3F722B5BB631}.Release|Any CPU.Build.0 = Release|Any CPU
		{59EFA2B2-CFCE-4E19-AD1F-07F4136B1248}.Debug|Any CPU.ActiveCfg = Debug|Any CPU
		{59EFA2B2-CFCE-4E19-AD1F-07F4136B1248}.Debug|Any CPU.Build.0 = Debug|Any CPU
		{59EFA2B2-CFCE-4E19-AD1F-07F4136B1248}.Release|Any CPU.ActiveCfg = Release|Any CPU
		{59EFA2B2-CFCE-4E19-AD1F-07F4136B1248}.Release|Any CPU.Build.0 = Release|Any CPU
		{88B4BE97-04C2-45D4-BE4F-F7265A3FFD92}.Debug|Any CPU.ActiveCfg = Debug|Any CPU
		{88B4BE97-04C2-45D4-BE4F-F7265A3FFD92}.Debug|Any CPU.Build.0 = Debug|Any CPU
		{88B4BE97-04C2-45D4-BE4F-F7265A3FFD92}.Release|Any CPU.ActiveCfg = Release|Any CPU
		{88B4BE97-04C2-45D4-BE4F-F7265A3FFD92}.Release|Any CPU.Build.0 = Release|Any CPU
		{0E39D695-7743-4495-8BDF-E43D52308AA5}.Debug|Any CPU.ActiveCfg = Debug|Any CPU
		{0E39D695-7743-4495-8BDF-E43D52308AA5}.Debug|Any CPU.Build.0 = Debug|Any CPU
		{0E39D695-7743-4495-8BDF-E43D52308AA5}.Release|Any CPU.ActiveCfg = Release|Any CPU
		{0E39D695-7743-4495-8BDF-E43D52308AA5}.Release|Any CPU.Build.0 = Release|Any CPU
		{6F37E852-8FA0-4B82-A1F0-BA0AEE30868C}.Debug|Any CPU.ActiveCfg = Debug|Any CPU
		{6F37E852-8FA0-4B82-A1F0-BA0AEE30868C}.Debug|Any CPU.Build.0 = Debug|Any CPU
		{6F37E852-8FA0-4B82-A1F0-BA0AEE30868C}.Release|Any CPU.ActiveCfg = Release|Any CPU
		{6F37E852-8FA0-4B82-A1F0-BA0AEE30868C}.Release|Any CPU.Build.0 = Release|Any CPU
	EndGlobalSection
	GlobalSection(SolutionProperties) = preSolution
		HideSolutionNode = FALSE
	EndGlobalSection
	GlobalSection(ExtensibilityGlobals) = postSolution
		SolutionGuid = {10C9363C-15EA-46E8-9554-7579D84BB39A}
	EndGlobalSection
EndGlobal
